// !$*UTF8*$!
{
	archiveVersion = 1;
	classes = {
	};
	objectVersion = 46;
	objects = {

/* Begin PBXBuildFile section */
		8F214CD81A95692D00C553F5 /* main.m in Sources */ = {isa = PBXBuildFile; fileRef = 8F214CD71A95692D00C553F5 /* main.m */; };
		8F214CDB1A95692D00C553F5 /* AppDelegate.m in Sources */ = {isa = PBXBuildFile; fileRef = 8F214CDA1A95692D00C553F5 /* AppDelegate.m */; };
		8F214CDE1A95692D00C553F5 /* ViewController.m in Sources */ = {isa = PBXBuildFile; fileRef = 8F214CDD1A95692D00C553F5 /* ViewController.m */; };
		8F214CE11A95692D00C553F5 /* Main.storyboard in Resources */ = {isa = PBXBuildFile; fileRef = 8F214CDF1A95692D00C553F5 /* Main.storyboard */; };
		8F214CE31A95692D00C553F5 /* Images.xcassets in Resources */ = {isa = PBXBuildFile; fileRef = 8F214CE21A95692D00C553F5 /* Images.xcassets */; };
		8F214CE61A95692D00C553F5 /* LaunchScreen.xib in Resources */ = {isa = PBXBuildFile; fileRef = 8F214CE41A95692D00C553F5 /* LaunchScreen.xib */; };
		8F214CF21A95692D00C553F5 /* TwitterTests.m in Sources */ = {isa = PBXBuildFile; fileRef = 8F214CF11A95692D00C553F5 /* TwitterTests.m */; };
/* End PBXBuildFile section */

/* Begin PBXContainerItemProxy section */
		8F214CEC1A95692D00C553F5 /* PBXContainerItemProxy */ = {
			isa = PBXContainerItemProxy;
			containerPortal = 8F214CCA1A95692D00C553F5 /* Project object */;
			proxyType = 1;
			remoteGlobalIDString = 8F214CD11A95692D00C553F5;
			remoteInfo = Twitter;
		};
/* End PBXContainerItemProxy section */

/* Begin PBXFileReference section */
		8F214CD21A95692D00C553F5 /* Twitter.app */ = {isa = PBXFileReference; explicitFileType = wrapper.application; includeInIndex = 0; path = Twitter.app; sourceTree = BUILT_PRODUCTS_DIR; };
		8F214CD61A95692D00C553F5 /* Info.plist */ = {isa = PBXFileReference; lastKnownFileType = text.plist.xml; path = Info.plist; sourceTree = "<group>"; };
		8F214CD71A95692D00C553F5 /* main.m */ = {isa = PBXFileReference; lastKnownFileType = sourcecode.c.objc; path = main.m; sourceTree = "<group>"; };
		8F214CD91A95692D00C553F5 /* AppDelegate.h */ = {isa = PBXFileReference; lastKnownFileType = sourcecode.c.h; path = AppDelegate.h; sourceTree = "<group>"; };
		8F214CDA1A95692D00C553F5 /* AppDelegate.m */ = {isa = PBXFileReference; lastKnownFileType = sourcecode.c.objc; path = AppDelegate.m; sourceTree = "<group>"; };
		8F214CDC1A95692D00C553F5 /* ViewController.h */ = {isa = PBXFileReference; lastKnownFileType = sourcecode.c.h; path = ViewController.h; sourceTree = "<group>"; };
		8F214CDD1A95692D00C553F5 /* ViewController.m */ = {isa = PBXFileReference; lastKnownFileType = sourcecode.c.objc; path = ViewController.m; sourceTree = "<group>"; };
		8F214CE01A95692D00C553F5 /* Base */ = {isa = PBXFileReference; lastKnownFileType = file.storyboard; name = Base; path = Base.lproj/Main.storyboard; sourceTree = "<group>"; };
		8F214CE21A95692D00C553F5 /* Images.xcassets */ = {isa = PBXFileReference; lastKnownFileType = folder.assetcatalog; path = Images.xcassets; sourceTree = "<group>"; };
		8F214CE51A95692D00C553F5 /* Base */ = {isa = PBXFileReference; lastKnownFileType = file.xib; name = Base; path = Base.lproj/LaunchScreen.xib; sourceTree = "<group>"; };
		8F214CEB1A95692D00C553F5 /* TwitterTests.xctest */ = {isa = PBXFileReference; explicitFileType = wrapper.cfbundle; includeInIndex = 0; path = TwitterTests.xctest; sourceTree = BUILT_PRODUCTS_DIR; };
		8F214CF01A95692D00C553F5 /* Info.plist */ = {isa = PBXFileReference; lastKnownFileType = text.plist.xml; path = Info.plist; sourceTree = "<group>"; };
		8F214CF11A95692D00C553F5 /* TwitterTests.m */ = {isa = PBXFileReference; lastKnownFileType = sourcecode.c.objc; path = TwitterTests.m; sourceTree = "<group>"; };
/* End PBXFileReference section */

/* Begin PBXFrameworksBuildPhase section */
		8F214CCF1A95692D00C553F5 /* Frameworks */ = {
			isa = PBXFrameworksBuildPhase;
			buildActionMask = 2147483647;
			files = (
			);
			runOnlyForDeploymentPostprocessing = 0;
		};
		8F214CE81A95692D00C553F5 /* Frameworks */ = {
			isa = PBXFrameworksBuildPhase;
			buildActionMask = 2147483647;
			files = (
			);
			runOnlyForDeploymentPostprocessing = 0;
		};
/* End PBXFrameworksBuildPhase section */

/* Begin PBXGroup section */
		8F214CC91A95692D00C553F5 = {
			isa = PBXGroup;
			children = (
				8F214CD41A95692D00C553F5 /* Twitter */,
				8F214CEE1A95692D00C553F5 /* TwitterTests */,
				8F214CD31A95692D00C553F5 /* Products */,
			);
			sourceTree = "<group>";
		};
		8F214CD31A95692D00C553F5 /* Products */ = {
			isa = PBXGroup;
			children = (
				8F214CD21A95692D00C553F5 /* Twitter.app */,
				8F214CEB1A95692D00C553F5 /* TwitterTests.xctest */,
			);
			name = Products;
			sourceTree = "<group>";
		};
		8F214CD41A95692D00C553F5 /* Twitter */ = {
			isa = PBXGroup;
			children = (
				8F214CD91A95692D00C553F5 /* AppDelegate.h */,
				8F214CDA1A95692D00C553F5 /* AppDelegate.m */,
				8F214CDC1A95692D00C553F5 /* ViewController.h */,
				8F214CDD1A95692D00C553F5 /* ViewController.m */,
				8F214CDF1A95692D00C553F5 /* Main.storyboard */,
				8F214CE21A95692D00C553F5 /* Images.xcassets */,
				8F214CE41A95692D00C553F5 /* LaunchScreen.xib */,
				8F214CD51A95692D00C553F5 /* Supporting Files */,
			);
			path = Twitter;
			sourceTree = "<group>";
		};
		8F214CD51A95692D00C553F5 /* Supporting Files */ = {
			isa = PBXGroup;
			children = (
				8F214CD61A95692D00C553F5 /* Info.plist */,
				8F214CD71A95692D00C553F5 /* main.m */,
			);
			name = "Supporting Files";
			sourceTree = "<group>";
		};
		8F214CEE1A95692D00C553F5 /* TwitterTests */ = {
			isa = PBXGroup;
			children = (
				8F214CF11A95692D00C553F5 /* TwitterTests.m */,
				8F214CEF1A95692D00C553F5 /* Supporting Files */,
			);
			path = TwitterTests;
			sourceTree = "<group>";
		};
		8F214CEF1A95692D00C553F5 /* Supporting Files */ = {
			isa = PBXGroup;
			children = (
				8F214CF01A95692D00C553F5 /* Info.plist */,
			);
			name = "Supporting Files";
			sourceTree = "<group>";
		};
/* End PBXGroup section */

/* Begin PBXNativeTarget section */
		8F214CD11A95692D00C553F5 /* Twitter */ = {
			isa = PBXNativeTarget;
			buildConfigurationList = 8F214CF51A95692D00C553F5 /* Build configuration list for PBXNativeTarget "Twitter" */;
			buildPhases = (
				8F214CCE1A95692D00C553F5 /* Sources */,
				8F214CCF1A95692D00C553F5 /* Frameworks */,
				8F214CD01A95692D00C553F5 /* Resources */,
			);
			buildRules = (
			);
			dependencies = (
			);
			name = Twitter;
			productName = Twitter;
			productReference = 8F214CD21A95692D00C553F5 /* Twitter.app */;
			productType = "com.apple.product-type.application";
		};
		8F214CEA1A95692D00C553F5 /* TwitterTests */ = {
			isa = PBXNativeTarget;
			buildConfigurationList = 8F214CF81A95692D00C553F5 /* Build configuration list for PBXNativeTarget "TwitterTests" */;
			buildPhases = (
				8F214CE71A95692D00C553F5 /* Sources */,
				8F214CE81A95692D00C553F5 /* Frameworks */,
				8F214CE91A95692D00C553F5 /* Resources */,
			);
			buildRules = (
			);
			dependencies = (
				8F214CED1A95692D00C553F5 /* PBXTargetDependency */,
			);
			name = TwitterTests;
			productName = TwitterTests;
			productReference = 8F214CEB1A95692D00C553F5 /* TwitterTests.xctest */;
			productType = "com.apple.product-type.bundle.unit-test";
		};
/* End PBXNativeTarget section */

/* Begin PBXProject section */
		8F214CCA1A95692D00C553F5 /* Project object */ = {
			isa = PBXProject;
			attributes = {
				LastUpgradeCheck = 0620;
				ORGANIZATIONNAME = "AP Fritts";
				TargetAttributes = {
					8F214CD11A95692D00C553F5 = {
						CreatedOnToolsVersion = 6.2;
					};
					8F214CEA1A95692D00C553F5 = {
						CreatedOnToolsVersion = 6.2;
						TestTargetID = 8F214CD11A95692D00C553F5;
					};
				};
			};
			buildConfigurationList = 8F214CCD1A95692D00C553F5 /* Build configuration list for PBXProject "Twitter" */;
			compatibilityVersion = "Xcode 3.2";
			developmentRegion = English;
			hasScannedForEncodings = 0;
			knownRegions = (
				en,
				Base,
			);
			mainGroup = 8F214CC91A95692D00C553F5;
			productRefGroup = 8F214CD31A95692D00C553F5 /* Products */;
			projectDirPath = "";
			projectRoot = "";
			targets = (
				8F214CD11A95692D00C553F5 /* Twitter */,
				8F214CEA1A95692D00C553F5 /* TwitterTests */,
			);
		};
/* End PBXProject section */

/* Begin PBXResourcesBuildPhase section */
		8F214CD01A95692D00C553F5 /* Resources */ = {
			isa = PBXResourcesBuildPhase;
			buildActionMask = 2147483647;
			files = (
				8F214CE11A95692D00C553F5 /* Main.storyboard in Resources */,
				8F214CE61A95692D00C553F5 /* LaunchScreen.xib in Resources */,
				8F214CE31A95692D00C553F5 /* Images.xcassets in Resources */,
			);
			runOnlyForDeploymentPostprocessing = 0;
		};
		8F214CE91A95692D00C553F5 /* Resources */ = {
			isa = PBXResourcesBuildPhase;
			buildActionMask = 2147483647;
			files = (
			);
			runOnlyForDeploymentPostprocessing = 0;
		};
/* End PBXResourcesBuildPhase section */

/* Begin PBXSourcesBuildPhase section */
		8F214CCE1A95692D00C553F5 /* Sources */ = {
			isa = PBXSourcesBuildPhase;
			buildActionMask = 2147483647;
			files = (
				8F214CDE1A95692D00C553F5 /* ViewController.m in Sources */,
				8F214CDB1A95692D00C553F5 /* AppDelegate.m in Sources */,
				8F214CD81A95692D00C553F5 /* main.m in Sources */,
			);
			runOnlyForDeploymentPostprocessing = 0;
		};
		8F214CE71A95692D00C553F5 /* Sources */ = {
			isa = PBXSourcesBuildPhase;
			buildActionMask = 2147483647;
			files = (
				8F214CF21A95692D00C553F5 /* TwitterTests.m in Sources */,
			);
			runOnlyForDeploymentPostprocessing = 0;
		};
/* End PBXSourcesBuildPhase section */

/* Begin PBXTargetDependency section */
		8F214CED1A95692D00C553F5 /* PBXTargetDependency */ = {
			isa = PBXTargetDependency;
			target = 8F214CD11A95692D00C553F5 /* Twitter */;
			targetProxy = 8F214CEC1A95692D00C553F5 /* PBXContainerItemProxy */;
		};
/* End PBXTargetDependency section */

/* Begin PBXVariantGroup section */
		8F214CDF1A95692D00C553F5 /* Main.storyboard */ = {
			isa = PBXVariantGroup;
			children = (
				8F214CE01A95692D00C553F5 /* Base */,
			);
			name = Main.storyboard;
			sourceTree = "<group>";
		};
		8F214CE41A95692D00C553F5 /* LaunchScreen.xib */ = {
			isa = PBXVariantGroup;
			children = (
				8F214CE51A95692D00C553F5 /* Base */,
			);
			name = LaunchScreen.xib;
			sourceTree = "<group>";
		};
/* End PBXVariantGroup section */

/* Begin XCBuildConfiguration section */
		8F214CF31A95692D00C553F5 /* Debug */ = {
			isa = XCBuildConfiguration;
			buildSettings = {
				ALWAYS_SEARCH_USER_PATHS = NO;
				CLANG_CXX_LANGUAGE_STANDARD = "gnu++0x";
				CLANG_CXX_LIBRARY = "libc++";
				CLANG_ENABLE_MODULES = YES;
				CLANG_ENABLE_OBJC_ARC = YES;
				CLANG_WARN_BOOL_CONVERSION = YES;
				CLANG_WARN_CONSTANT_CONVERSION = YES;
				CLANG_WARN_DIRECT_OBJC_ISA_USAGE = YES_ERROR;
				CLANG_WARN_EMPTY_BODY = YES;
				CLANG_WARN_ENUM_CONVERSION = YES;
				CLANG_WARN_INT_CONVERSION = YES;
				CLANG_WARN_OBJC_ROOT_CLASS = YES_ERROR;
				CLANG_WARN_UNREACHABLE_CODE = YES;
				CLANG_WARN__DUPLICATE_METHOD_MATCH = YES;
				"CODE_SIGN_IDENTITY[sdk=iphoneos*]" = "iPhone Developer";
				COPY_PHASE_STRIP = NO;
				ENABLE_STRICT_OBJC_MSGSEND = YES;
				GCC_C_LANGUAGE_STANDARD = gnu99;
				GCC_DYNAMIC_NO_PIC = NO;
				GCC_OPTIMIZATION_LEVEL = 0;
				GCC_PREPROCESSOR_DEFINITIONS = (
					"DEBUG=1",
					"$(inherited)",
				);
				GCC_SYMBOLS_PRIVATE_EXTERN = NO;
				GCC_WARN_64_TO_32_BIT_CONVERSION = YES;
				GCC_WARN_ABOUT_RETURN_TYPE = YES_ERROR;
				GCC_WARN_UNDECLARED_SELECTOR = YES;
				GCC_WARN_UNINITIALIZED_AUTOS = YES_AGGRESSIVE;
				GCC_WARN_UNUSED_FUNCTION = YES;
				GCC_WARN_UNUSED_VARIABLE = YES;
				IPHONEOS_DEPLOYMENT_TARGET = 8.2;
				MTL_ENABLE_DEBUG_INFO = YES;
				ONLY_ACTIVE_ARCH = YES;
				SDKROOT = iphoneos;
			};
			name = Debug;
		};
		8F214CF41A95692D00C553F5 /* Release */ = {
			isa = XCBuildConfiguration;
			buildSettings = {
				ALWAYS_SEARCH_USER_PATHS = NO;
				CLANG_CXX_LANGUAGE_STANDARD = "gnu++0x";
				CLANG_CXX_LIBRARY = "libc++";
				CLANG_ENABLE_MODULES = YES;
				CLANG_ENABLE_OBJC_ARC = YES;
				CLANG_WARN_BOOL_CONVERSION = YES;
				CLANG_WARN_CONSTANT_CONVERSION = YES;
				CLANG_WARN_DIRECT_OBJC_ISA_USAGE = YES_ERROR;
				CLANG_WARN_EMPTY_BODY = YES;
				CLANG_WARN_ENUM_CONVERSION = YES;
				CLANG_WARN_INT_CONVERSION = YES;
				CLANG_WARN_OBJC_ROOT_CLASS = YES_ERROR;
				CLANG_WARN_UNREACHABLE_CODE = YES;
				CLANG_WARN__DUPLICATE_METHOD_MATCH = YES;
				"CODE_SIGN_IDENTITY[sdk=iphoneos*]" = "iPhone Developer";
				COPY_PHASE_STRIP = NO;
				ENABLE_NS_ASSERTIONS = NO;
				ENABLE_STRICT_OBJC_MSGSEND = YES;
				GCC_C_LANGUAGE_STANDARD = gnu99;
				GCC_WARN_64_TO_32_BIT_CONVERSION = YES;
				GCC_WARN_ABOUT_RETURN_TYPE = YES_ERROR;
				GCC_WARN_UNDECLARED_SELECTOR = YES;
				GCC_WARN_UNINITIALIZED_AUTOS = YES_AGGRESSIVE;
				GCC_WARN_UNUSED_FUNCTION = YES;
				GCC_WARN_UNUSED_VARIABLE = YES;
				IPHONEOS_DEPLOYMENT_TARGET = 8.2;
				MTL_ENABLE_DEBUG_INFO = NO;
				SDKROOT = iphoneos;
				VALIDATE_PRODUCT = YES;
			};
			name = Release;
		};
		8F214CF61A95692D00C553F5 /* Debug */ = {
			isa = XCBuildConfiguration;
			buildSettings = {
				ASSETCATALOG_COMPILER_APPICON_NAME = AppIcon;
				INFOPLIST_FILE = Twitter/Info.plist;
				LD_RUNPATH_SEARCH_PATHS = "$(inherited) @executable_path/Frameworks";
				PRODUCT_NAME = "$(TARGET_NAME)";
			};
			name = Debug;
		};
		8F214CF71A95692D00C553F5 /* Release */ = {
			isa = XCBuildConfiguration;
			buildSettings = {
				ASSETCATALOG_COMPILER_APPICON_NAME = AppIcon;
				INFOPLIST_FILE = Twitter/Info.plist;
				LD_RUNPATH_SEARCH_PATHS = "$(inherited) @executable_path/Frameworks";
				PRODUCT_NAME = "$(TARGET_NAME)";
			};
			name = Release;
		};
		8F214CF91A95692D00C553F5 /* Debug */ = {
			isa = XCBuildConfiguration;
			buildSettings = {
				BUNDLE_LOADER = "$(TEST_HOST)";
				FRAMEWORK_SEARCH_PATHS = (
					"$(SDKROOT)/Developer/Library/Frameworks",
					"$(inherited)",
				);
				GCC_PREPROCESSOR_DEFINITIONS = (
					"DEBUG=1",
					"$(inherited)",
				);
				INFOPLIST_FILE = TwitterTests/Info.plist;
				LD_RUNPATH_SEARCH_PATHS = "$(inherited) @executable_path/Frameworks @loader_path/Frameworks";
				PRODUCT_NAME = "$(TARGET_NAME)";
				TEST_HOST = "$(BUILT_PRODUCTS_DIR)/Twitter.app/Twitter";
			};
			name = Debug;
		};
		8F214CFA1A95692D00C553F5 /* Release */ = {
			isa = XCBuildConfiguration;
			buildSettings = {
				BUNDLE_LOADER = "$(TEST_HOST)";
				FRAMEWORK_SEARCH_PATHS = (
					"$(SDKROOT)/Developer/Library/Frameworks",
					"$(inherited)",
				);
				INFOPLIST_FILE = TwitterTests/Info.plist;
				LD_RUNPATH_SEARCH_PATHS = "$(inherited) @executable_path/Frameworks @loader_path/Frameworks";
				PRODUCT_NAME = "$(TARGET_NAME)";
				TEST_HOST = "$(BUILT_PRODUCTS_DIR)/Twitter.app/Twitter";
			};
			name = Release;
		};
/* End XCBuildConfiguration section */

/* Begin XCConfigurationList section */
		8F214CCD1A95692D00C553F5 /* Build configuration list for PBXProject "Twitter" */ = {
			isa = XCConfigurationList;
			buildConfigurations = (
				8F214CF31A95692D00C553F5 /* Debug */,
				8F214CF41A95692D00C553F5 /* Release */,
			);
			defaultConfigurationIsVisible = 0;
			defaultConfigurationName = Release;
		};
		8F214CF51A95692D00C553F5 /* Build configuration list for PBXNativeTarget "Twitter" */ = {
			isa = XCConfigurationList;
			buildConfigurations = (
				8F214CF61A95692D00C553F5 /* Debug */,
				8F214CF71A95692D00C553F5 /* Release */,
			);
			defaultConfigurationIsVisible = 0;
		};
		8F214CF81A95692D00C553F5 /* Build configuration list for PBXNativeTarget "TwitterTests" */ = {
			isa = XCConfigurationList;
			buildConfigurations = (
				8F214CF91A95692D00C553F5 /* Debug */,
				8F214CFA1A95692D00C553F5 /* Release */,
			);
			defaultConfigurationIsVisible = 0;
		};
/* End XCConfigurationList section */
	};
	rootObject = 8F214CCA1A95692D00C553F5 /* Project object */;
}
